
Microsoft Visual Studio Solution File, Format Version 12.00
# Visual Studio Version 16
VisualStudioVersion = 16.0.31321.278
MinimumVisualStudioVersion = 10.0.40219.1
Project("{FAE04EC0-301F-11D3-BF4B-00C04F79EFBC}") = "MRMS_WPF", "MRMS_WPF\MRMS_WPF.csproj", "{5090783A-2794-4FFF-8631-66379984822E}"
EndProject
Global
	GlobalSection(SolutionConfigurationPlatforms) = preSolution
		Debug|Any CPU = Debug|Any CPU
		Release|Any CPU = Release|Any CPU
	EndGlobalSection
	GlobalSection(ProjectConfigurationPlatforms) = postSolution
		{5090783A-2794-4FFF-8631-66379984822E}.Debug|Any CPU.ActiveCfg = Debug|Any CPU
		{5090783A-2794-4FFF-8631-66379984822E}.Debug|Any CPU.Build.0 = Debug|Any CPU
		{5090783A-2794-4FFF-8631-66379984822E}.Release|Any CPU.ActiveCfg = Release|Any CPU
		{5090783A-2794-4FFF-8631-66379984822E}.Release|Any CPU.Build.0 = Release|Any CPU
	EndGlobalSection
	GlobalSection(SolutionProperties) = preSolution
		HideSolutionNode = FALSE
	EndGlobalSection
	GlobalSection(ExtensibilityGlobals) = postSolution
		SolutionGuid = {92FFA347-60E4-4FF9-96AB-2712084ACFE3}
	EndGlobalSection
EndGlobal
